// !$*UTF8*$!
{
	archiveVersion = 1;
	classes = {
	};
	objectVersion = 56;
	objects = {

/* Begin PBXBuildFile section */
		812B8CDC2C295382008A6AD2 /* MovieDetailViewController.swift in Sources */ = {isa = PBXBuildFile; fileRef = 812B8CDB2C295382008A6AD2 /* MovieDetailViewController.swift */; };
		812B8CDE2C29539F008A6AD2 /* BaseViewController.swift in Sources */ = {isa = PBXBuildFile; fileRef = 812B8CDD2C29539F008A6AD2 /* BaseViewController.swift */; };
		812B8CE22C297EF7008A6AD2 /* MainTabBarConroller.swift in Sources */ = {isa = PBXBuildFile; fileRef = 812B8CE12C297EF7008A6AD2 /* MainTabBarConroller.swift */; };
		812B8CE42C29848A008A6AD2 /* UserViewController.swift in Sources */ = {isa = PBXBuildFile; fileRef = 812B8CE32C29848A008A6AD2 /* UserViewController.swift */; };
		812B8CE72C29879A008A6AD2 /* BaseView.swift in Sources */ = {isa = PBXBuildFile; fileRef = 812B8CE62C29879A008A6AD2 /* BaseView.swift */; };
		812B8CE92C298859008A6AD2 /* BaseLabelWithButton.swift in Sources */ = {isa = PBXBuildFile; fileRef = 812B8CE82C298859008A6AD2 /* BaseLabelWithButton.swift */; };
		812B8CEB2C298D42008A6AD2 /* MainListView.swift in Sources */ = {isa = PBXBuildFile; fileRef = 812B8CEA2C298D42008A6AD2 /* MainListView.swift */; };
		8189BAED2C0EF62D002C9112 /* AppDelegate.swift in Sources */ = {isa = PBXBuildFile; fileRef = 8189BAEC2C0EF62D002C9112 /* AppDelegate.swift */; };
		8189BAEF2C0EF62D002C9112 /* SceneDelegate.swift in Sources */ = {isa = PBXBuildFile; fileRef = 8189BAEE2C0EF62D002C9112 /* SceneDelegate.swift */; };
		8189BAF62C0EF62E002C9112 /* Assets.xcassets in Resources */ = {isa = PBXBuildFile; fileRef = 8189BAF52C0EF62E002C9112 /* Assets.xcassets */; };
		8189BAF92C0EF62E002C9112 /* Base in Resources */ = {isa = PBXBuildFile; fileRef = 8189BAF82C0EF62E002C9112 /* Base */; };
		8189BB022C0EF65F002C9112 /* SnapKit in Frameworks */ = {isa = PBXBuildFile; productRef = 8189BB012C0EF65F002C9112 /* SnapKit */; };
		8189BB052C0EF912002C9112 /* Kingfisher in Frameworks */ = {isa = PBXBuildFile; productRef = 8189BB042C0EF912002C9112 /* Kingfisher */; };
		818E43392C2A78E800DED474 /* BaseTableCell.swift in Sources */ = {isa = PBXBuildFile; fileRef = 818E43382C2A78E800DED474 /* BaseTableCell.swift */; };
		818E433B2C2A796800DED474 /* NormalTableCell.swift in Sources */ = {isa = PBXBuildFile; fileRef = 818E433A2C2A796800DED474 /* NormalTableCell.swift */; };
		818E433D2C2A7D1C00DED474 /* BaseCollectionItem.swift in Sources */ = {isa = PBXBuildFile; fileRef = 818E433C2C2A7D1C00DED474 /* BaseCollectionItem.swift */; };
		818E433F2C2A7DE900DED474 /* NormalCollectionItem.swift in Sources */ = {isa = PBXBuildFile; fileRef = 818E433E2C2A7DE900DED474 /* NormalCollectionItem.swift */; };
		818E43482C2AA84900DED474 /* BaseLabel.swift in Sources */ = {isa = PBXBuildFile; fileRef = 818E43472C2AA84900DED474 /* BaseLabel.swift */; };
		8193D53E2C16CFC100F3B573 /* .gitignore in Resources */ = {isa = PBXBuildFile; fileRef = 8193D53D2C16CFC100F3B573 /* .gitignore */; };
		8193D5422C16D35800F3B573 /* Alamofire in Frameworks */ = {isa = PBXBuildFile; productRef = 8193D5412C16D35800F3B573 /* Alamofire */; };
		8193D5472C16D61900F3B573 /* MainListViewController.swift in Sources */ = {isa = PBXBuildFile; fileRef = 8193D5462C16D61900F3B573 /* MainListViewController.swift */; };
		8193D5542C16DA8C00F3B573 /* Extension+SetID.swift in Sources */ = {isa = PBXBuildFile; fileRef = 8193D5532C16DA8C00F3B573 /* Extension+SetID.swift */; };
		8193D5562C16DBCE00F3B573 /* Movie.swift in Sources */ = {isa = PBXBuildFile; fileRef = 8193D5552C16DBCE00F3B573 /* Movie.swift */; };
		8193D5582C16DBD800F3B573 /* Genre.swift in Sources */ = {isa = PBXBuildFile; fileRef = 8193D5572C16DBD800F3B573 /* Genre.swift */; };
		8193D55A2C16E73D00F3B573 /* Extension+UI.swift in Sources */ = {isa = PBXBuildFile; fileRef = 8193D5592C16E73D00F3B573 /* Extension+UI.swift */; };
		81BDD6AB2C2BD0A1007F9D32 /* APIService.swift in Sources */ = {isa = PBXBuildFile; fileRef = 81BDD6AA2C2BD0A1007F9D32 /* APIService.swift */; };
		81BDD6AD2C2BD91C007F9D32 /* ENV.swift in Sources */ = {isa = PBXBuildFile; fileRef = 81BDD6AC2C2BD91C007F9D32 /* ENV.swift */; };
		81D25A022C183EF0009462EA /* Constants.swift in Sources */ = {isa = PBXBuildFile; fileRef = 81D25A012C183EF0009462EA /* Constants.swift */; };
		81F6D9542C2C08B00008041B /* MovieDetailView.swift in Sources */ = {isa = PBXBuildFile; fileRef = 81F6D9532C2C08B00008041B /* MovieDetailView.swift */; };
		81F6D9562C2C0A7C0008041B /* MovieDetailHeader.swift in Sources */ = {isa = PBXBuildFile; fileRef = 81F6D9552C2C0A7C0008041B /* MovieDetailHeader.swift */; };
		81F6D9582C2C34CA0008041B /* GenreService.swift in Sources */ = {isa = PBXBuildFile; fileRef = 81F6D9572C2C34CA0008041B /* GenreService.swift */; };
		81F6D95A2C2C35CA0008041B /* MovieDetailRating.swift in Sources */ = {isa = PBXBuildFile; fileRef = 81F6D9592C2C35CA0008041B /* MovieDetailRating.swift */; };
		81F6D95C2C2C3EE00008041B /* UserDefaultService.swift in Sources */ = {isa = PBXBuildFile; fileRef = 81F6D95B2C2C3EE00008041B /* UserDefaultService.swift */; };
		81F6D95F2C2D0B270008041B /* Extension+Buttons.swift in Sources */ = {isa = PBXBuildFile; fileRef = 81F6D95E2C2D0B270008041B /* Extension+Buttons.swift */; };
		81F6D9612C2D147C0008041B /* BaseItemView.swift in Sources */ = {isa = PBXBuildFile; fileRef = 81F6D9602C2D147C0008041B /* BaseItemView.swift */; };
		81F6D9632C2D25410008041B /* MovieDetailOverview.swift in Sources */ = {isa = PBXBuildFile; fileRef = 81F6D9622C2D25410008041B /* MovieDetailOverview.swift */; };
		81F6D9672C2D591D0008041B /* MovieDetailCast.swift in Sources */ = {isa = PBXBuildFile; fileRef = 81F6D9662C2D591D0008041B /* MovieDetailCast.swift */; };
		81F6D9692C2D617A0008041B /* MovieDetailCastingItem.swift in Sources */ = {isa = PBXBuildFile; fileRef = 81F6D9682C2D617A0008041B /* MovieDetailCastingItem.swift */; };
		81F6D96D2C2E43BE0008041B /* MovieDetailRecommendation.swift in Sources */ = {isa = PBXBuildFile; fileRef = 81F6D96C2C2E43BE0008041B /* MovieDetailRecommendation.swift */; };
		81F6D96F2C2E77FB0008041B /* MovieSearchViewController.swift in Sources */ = {isa = PBXBuildFile; fileRef = 81F6D96E2C2E77FB0008041B /* MovieSearchViewController.swift */; };
		81F6D9722C2E7B4E0008041B /* MoveSearchView.swift in Sources */ = {isa = PBXBuildFile; fileRef = 81F6D9712C2E7B4E0008041B /* MoveSearchView.swift */; };
		81F6D9742C2E7BD60008041B /* MovieSearchHeader.swift in Sources */ = {isa = PBXBuildFile; fileRef = 81F6D9732C2E7BD60008041B /* MovieSearchHeader.swift */; };
		81F6D9762C2E8EA00008041B /* BaseTextField.swift in Sources */ = {isa = PBXBuildFile; fileRef = 81F6D9752C2E8EA00008041B /* BaseTextField.swift */; };
		81F6D9782C2E927C0008041B /* ValidateService.swift in Sources */ = {isa = PBXBuildFile; fileRef = 81F6D9772C2E927C0008041B /* ValidateService.swift */; };
		81F6D97C2C2E9C260008041B /* MovieSearchItem.swift in Sources */ = {isa = PBXBuildFile; fileRef = 81F6D97B2C2E9C260008041B /* MovieSearchItem.swift */; };
/* End PBXBuildFile section */

/* Begin PBXFileReference section */
		812B8CDB2C295382008A6AD2 /* MovieDetailViewController.swift */ = {isa = PBXFileReference; lastKnownFileType = sourcecode.swift; path = MovieDetailViewController.swift; sourceTree = "<group>"; };
		812B8CDD2C29539F008A6AD2 /* BaseViewController.swift */ = {isa = PBXFileReference; lastKnownFileType = sourcecode.swift; path = BaseViewController.swift; sourceTree = "<group>"; };
		812B8CE12C297EF7008A6AD2 /* MainTabBarConroller.swift */ = {isa = PBXFileReference; lastKnownFileType = sourcecode.swift; path = MainTabBarConroller.swift; sourceTree = "<group>"; };
		812B8CE32C29848A008A6AD2 /* UserViewController.swift */ = {isa = PBXFileReference; lastKnownFileType = sourcecode.swift; path = UserViewController.swift; sourceTree = "<group>"; };
		812B8CE62C29879A008A6AD2 /* BaseView.swift */ = {isa = PBXFileReference; lastKnownFileType = sourcecode.swift; path = BaseView.swift; sourceTree = "<group>"; };
		812B8CE82C298859008A6AD2 /* BaseLabelWithButton.swift */ = {isa = PBXFileReference; lastKnownFileType = sourcecode.swift; path = BaseLabelWithButton.swift; sourceTree = "<group>"; };
		812B8CEA2C298D42008A6AD2 /* MainListView.swift */ = {isa = PBXFileReference; lastKnownFileType = sourcecode.swift; path = MainListView.swift; sourceTree = "<group>"; };
		8189BAE92C0EF62D002C9112 /* MovieApp.app */ = {isa = PBXFileReference; explicitFileType = wrapper.application; includeInIndex = 0; path = MovieApp.app; sourceTree = BUILT_PRODUCTS_DIR; };
		8189BAEC2C0EF62D002C9112 /* AppDelegate.swift */ = {isa = PBXFileReference; lastKnownFileType = sourcecode.swift; path = AppDelegate.swift; sourceTree = "<group>"; };
		8189BAEE2C0EF62D002C9112 /* SceneDelegate.swift */ = {isa = PBXFileReference; lastKnownFileType = sourcecode.swift; path = SceneDelegate.swift; sourceTree = "<group>"; };
		8189BAF52C0EF62E002C9112 /* Assets.xcassets */ = {isa = PBXFileReference; lastKnownFileType = folder.assetcatalog; path = Assets.xcassets; sourceTree = "<group>"; };
		8189BAF82C0EF62E002C9112 /* Base */ = {isa = PBXFileReference; lastKnownFileType = file.storyboard; name = Base; path = Base.lproj/LaunchScreen.storyboard; sourceTree = "<group>"; };
		8189BAFA2C0EF62E002C9112 /* Info.plist */ = {isa = PBXFileReference; lastKnownFileType = text.plist.xml; path = Info.plist; sourceTree = "<group>"; };
		818E43382C2A78E800DED474 /* BaseTableCell.swift */ = {isa = PBXFileReference; lastKnownFileType = sourcecode.swift; path = BaseTableCell.swift; sourceTree = "<group>"; };
		818E433A2C2A796800DED474 /* NormalTableCell.swift */ = {isa = PBXFileReference; lastKnownFileType = sourcecode.swift; path = NormalTableCell.swift; sourceTree = "<group>"; };
		818E433C2C2A7D1C00DED474 /* BaseCollectionItem.swift */ = {isa = PBXFileReference; lastKnownFileType = sourcecode.swift; path = BaseCollectionItem.swift; sourceTree = "<group>"; };
		818E433E2C2A7DE900DED474 /* NormalCollectionItem.swift */ = {isa = PBXFileReference; lastKnownFileType = sourcecode.swift; path = NormalCollectionItem.swift; sourceTree = "<group>"; };
		818E43472C2AA84900DED474 /* BaseLabel.swift */ = {isa = PBXFileReference; lastKnownFileType = sourcecode.swift; path = BaseLabel.swift; sourceTree = "<group>"; };
		8193D53D2C16CFC100F3B573 /* .gitignore */ = {isa = PBXFileReference; lastKnownFileType = text; path = .gitignore; sourceTree = "<group>"; };
		8193D53F2C16CFF000F3B573 /* README.md */ = {isa = PBXFileReference; lastKnownFileType = net.daringfireball.markdown; path = README.md; sourceTree = "<group>"; };
		8193D5462C16D61900F3B573 /* MainListViewController.swift */ = {isa = PBXFileReference; lastKnownFileType = sourcecode.swift; path = MainListViewController.swift; sourceTree = "<group>"; };
		8193D5532C16DA8C00F3B573 /* Extension+SetID.swift */ = {isa = PBXFileReference; lastKnownFileType = sourcecode.swift; path = "Extension+SetID.swift"; sourceTree = "<group>"; };
		8193D5552C16DBCE00F3B573 /* Movie.swift */ = {isa = PBXFileReference; lastKnownFileType = sourcecode.swift; path = Movie.swift; sourceTree = "<group>"; };
		8193D5572C16DBD800F3B573 /* Genre.swift */ = {isa = PBXFileReference; lastKnownFileType = sourcecode.swift; path = Genre.swift; sourceTree = "<group>"; };
		8193D5592C16E73D00F3B573 /* Extension+UI.swift */ = {isa = PBXFileReference; lastKnownFileType = sourcecode.swift; path = "Extension+UI.swift"; sourceTree = "<group>"; };
		81BDD6AA2C2BD0A1007F9D32 /* APIService.swift */ = {isa = PBXFileReference; lastKnownFileType = sourcecode.swift; path = APIService.swift; sourceTree = "<group>"; };
		81BDD6AC2C2BD91C007F9D32 /* ENV.swift */ = {isa = PBXFileReference; lastKnownFileType = sourcecode.swift; path = ENV.swift; sourceTree = "<group>"; };
		81D25A012C183EF0009462EA /* Constants.swift */ = {isa = PBXFileReference; lastKnownFileType = sourcecode.swift; path = Constants.swift; sourceTree = "<group>"; };
		81F6D9532C2C08B00008041B /* MovieDetailView.swift */ = {isa = PBXFileReference; lastKnownFileType = sourcecode.swift; path = MovieDetailView.swift; sourceTree = "<group>"; };
		81F6D9552C2C0A7C0008041B /* MovieDetailHeader.swift */ = {isa = PBXFileReference; lastKnownFileType = sourcecode.swift; path = MovieDetailHeader.swift; sourceTree = "<group>"; };
		81F6D9572C2C34CA0008041B /* GenreService.swift */ = {isa = PBXFileReference; lastKnownFileType = sourcecode.swift; path = GenreService.swift; sourceTree = "<group>"; };
		81F6D9592C2C35CA0008041B /* MovieDetailRating.swift */ = {isa = PBXFileReference; lastKnownFileType = sourcecode.swift; path = MovieDetailRating.swift; sourceTree = "<group>"; };
		81F6D95B2C2C3EE00008041B /* UserDefaultService.swift */ = {isa = PBXFileReference; lastKnownFileType = sourcecode.swift; path = UserDefaultService.swift; sourceTree = "<group>"; };
		81F6D95E2C2D0B270008041B /* Extension+Buttons.swift */ = {isa = PBXFileReference; lastKnownFileType = sourcecode.swift; path = "Extension+Buttons.swift"; sourceTree = "<group>"; };
		81F6D9602C2D147C0008041B /* BaseItemView.swift */ = {isa = PBXFileReference; lastKnownFileType = sourcecode.swift; path = BaseItemView.swift; sourceTree = "<group>"; };
		81F6D9622C2D25410008041B /* MovieDetailOverview.swift */ = {isa = PBXFileReference; lastKnownFileType = sourcecode.swift; path = MovieDetailOverview.swift; sourceTree = "<group>"; };
		81F6D9662C2D591D0008041B /* MovieDetailCast.swift */ = {isa = PBXFileReference; lastKnownFileType = sourcecode.swift; path = MovieDetailCast.swift; sourceTree = "<group>"; };
		81F6D9682C2D617A0008041B /* MovieDetailCastingItem.swift */ = {isa = PBXFileReference; lastKnownFileType = sourcecode.swift; path = MovieDetailCastingItem.swift; sourceTree = "<group>"; };
		81F6D96C2C2E43BE0008041B /* MovieDetailRecommendation.swift */ = {isa = PBXFileReference; lastKnownFileType = sourcecode.swift; path = MovieDetailRecommendation.swift; sourceTree = "<group>"; };
		81F6D96E2C2E77FB0008041B /* MovieSearchViewController.swift */ = {isa = PBXFileReference; lastKnownFileType = sourcecode.swift; path = MovieSearchViewController.swift; sourceTree = "<group>"; };
		81F6D9712C2E7B4E0008041B /* MoveSearchView.swift */ = {isa = PBXFileReference; lastKnownFileType = sourcecode.swift; path = MoveSearchView.swift; sourceTree = "<group>"; };
		81F6D9732C2E7BD60008041B /* MovieSearchHeader.swift */ = {isa = PBXFileReference; lastKnownFileType = sourcecode.swift; path = MovieSearchHeader.swift; sourceTree = "<group>"; };
		81F6D9752C2E8EA00008041B /* BaseTextField.swift */ = {isa = PBXFileReference; lastKnownFileType = sourcecode.swift; path = BaseTextField.swift; sourceTree = "<group>"; };
		81F6D9772C2E927C0008041B /* ValidateService.swift */ = {isa = PBXFileReference; lastKnownFileType = sourcecode.swift; path = ValidateService.swift; sourceTree = "<group>"; };
		81F6D97B2C2E9C260008041B /* MovieSearchItem.swift */ = {isa = PBXFileReference; lastKnownFileType = sourcecode.swift; path = MovieSearchItem.swift; sourceTree = "<group>"; };
/* End PBXFileReference section */

/* Begin PBXFrameworksBuildPhase section */
		8189BAE62C0EF62D002C9112 /* Frameworks */ = {
			isa = PBXFrameworksBuildPhase;
			buildActionMask = 2147483647;
			files = (
				8193D5422C16D35800F3B573 /* Alamofire in Frameworks */,
				8189BB052C0EF912002C9112 /* Kingfisher in Frameworks */,
				8189BB022C0EF65F002C9112 /* SnapKit in Frameworks */,
			);
			runOnlyForDeploymentPostprocessing = 0;
		};
/* End PBXFrameworksBuildPhase section */

/* Begin PBXGroup section */
		812B8CDA2C295255008A6AD2 /* Controller */ = {
			isa = PBXGroup;
			children = (
				812B8CE12C297EF7008A6AD2 /* MainTabBarConroller.swift */,
				8193D5462C16D61900F3B573 /* MainListViewController.swift */,
				812B8CDB2C295382008A6AD2 /* MovieDetailViewController.swift */,
				81F6D96E2C2E77FB0008041B /* MovieSearchViewController.swift */,
				812B8CDD2C29539F008A6AD2 /* BaseViewController.swift */,
				812B8CE32C29848A008A6AD2 /* UserViewController.swift */,
			);
			path = Controller;
			sourceTree = "<group>";
		};
		812B8CE52C298790008A6AD2 /* Base */ = {
			isa = PBXGroup;
			children = (
				812B8CE62C29879A008A6AD2 /* BaseView.swift */,
				818E43472C2AA84900DED474 /* BaseLabel.swift */,
				812B8CE82C298859008A6AD2 /* BaseLabelWithButton.swift */,
				818E43382C2A78E800DED474 /* BaseTableCell.swift */,
				818E433C2C2A7D1C00DED474 /* BaseCollectionItem.swift */,
				81F6D9602C2D147C0008041B /* BaseItemView.swift */,
				81F6D9752C2E8EA00008041B /* BaseTextField.swift */,
			);
			path = Base;
			sourceTree = "<group>";
		};
		8189BAE02C0EF62D002C9112 = {
			isa = PBXGroup;
			children = (
				8193D53F2C16CFF000F3B573 /* README.md */,
				8193D53D2C16CFC100F3B573 /* .gitignore */,
				8189BAEB2C0EF62D002C9112 /* MovieApp */,
				8189BAEA2C0EF62D002C9112 /* Products */,
			);
			sourceTree = "<group>";
		};
		8189BAEA2C0EF62D002C9112 /* Products */ = {
			isa = PBXGroup;
			children = (
				8189BAE92C0EF62D002C9112 /* MovieApp.app */,
			);
			name = Products;
			sourceTree = "<group>";
		};
		8189BAEB2C0EF62D002C9112 /* MovieApp */ = {
			isa = PBXGroup;
			children = (
				81BDD6A92C2BD096007F9D32 /* Service */,
				8193D5432C16D5E900F3B573 /* Model */,
				8193D5442C16D5EF00F3B573 /* View */,
				812B8CDA2C295255008A6AD2 /* Controller */,
				8193D5492C16D6C400F3B573 /* Extensions */,
				8189BAEC2C0EF62D002C9112 /* AppDelegate.swift */,
				8189BAEE2C0EF62D002C9112 /* SceneDelegate.swift */,
				81D25A012C183EF0009462EA /* Constants.swift */,
				8189BAF52C0EF62E002C9112 /* Assets.xcassets */,
				8189BAF72C0EF62E002C9112 /* LaunchScreen.storyboard */,
				8189BAFA2C0EF62E002C9112 /* Info.plist */,
				81BDD6AC2C2BD91C007F9D32 /* ENV.swift */,
			);
			path = MovieApp;
			sourceTree = "<group>";
		};
		8193D5432C16D5E900F3B573 /* Model */ = {
			isa = PBXGroup;
			children = (
				8193D5552C16DBCE00F3B573 /* Movie.swift */,
				8193D5572C16DBD800F3B573 /* Genre.swift */,
			);
			path = Model;
			sourceTree = "<group>";
		};
		8193D5442C16D5EF00F3B573 /* View */ = {
			isa = PBXGroup;
			children = (
				812B8CE52C298790008A6AD2 /* Base */,
				8193D5502C16DA3400F3B573 /* MainList */,
				81F6D9522C2C084B0008041B /* MovieDetail */,
				81F6D9702C2E7B370008041B /* MovieSearch */,
			);
			path = View;
			sourceTree = "<group>";
		};
		8193D5492C16D6C400F3B573 /* Extensions */ = {
			isa = PBXGroup;
			children = (
				81F6D95E2C2D0B270008041B /* Extension+Buttons.swift */,
				8193D5532C16DA8C00F3B573 /* Extension+SetID.swift */,
				8193D5592C16E73D00F3B573 /* Extension+UI.swift */,
			);
			path = Extensions;
			sourceTree = "<group>";
		};
		8193D5502C16DA3400F3B573 /* MainList */ = {
			isa = PBXGroup;
			children = (
				812B8CEA2C298D42008A6AD2 /* MainListView.swift */,
				818E433A2C2A796800DED474 /* NormalTableCell.swift */,
				818E433E2C2A7DE900DED474 /* NormalCollectionItem.swift */,
			);
			path = MainList;
			sourceTree = "<group>";
		};
		81BDD6A92C2BD096007F9D32 /* Service */ = {
			isa = PBXGroup;
			children = (
				81BDD6AA2C2BD0A1007F9D32 /* APIService.swift */,
				81F6D9572C2C34CA0008041B /* GenreService.swift */,
				81F6D95B2C2C3EE00008041B /* UserDefaultService.swift */,
				81F6D9772C2E927C0008041B /* ValidateService.swift */,
			);
			path = Service;
			sourceTree = "<group>";
		};
		81F6D9522C2C084B0008041B /* MovieDetail */ = {
			isa = PBXGroup;
			children = (
				81F6D9532C2C08B00008041B /* MovieDetailView.swift */,
				81F6D9552C2C0A7C0008041B /* MovieDetailHeader.swift */,
				81F6D9592C2C35CA0008041B /* MovieDetailRating.swift */,
				81F6D9622C2D25410008041B /* MovieDetailOverview.swift */,
				81F6D9662C2D591D0008041B /* MovieDetailCast.swift */,
				81F6D9682C2D617A0008041B /* MovieDetailCastingItem.swift */,
				81F6D96C2C2E43BE0008041B /* MovieDetailRecommendation.swift */,
			);
			path = MovieDetail;
			sourceTree = "<group>";
		};
		81F6D9702C2E7B370008041B /* MovieSearch */ = {
			isa = PBXGroup;
			children = (
				81F6D9712C2E7B4E0008041B /* MoveSearchView.swift */,
				81F6D9732C2E7BD60008041B /* MovieSearchHeader.swift */,
				81F6D97B2C2E9C260008041B /* MovieSearchItem.swift */,
			);
			path = MovieSearch;
			sourceTree = "<group>";
		};
/* End PBXGroup section */

/* Begin PBXNativeTarget section */
		8189BAE82C0EF62D002C9112 /* MovieApp */ = {
			isa = PBXNativeTarget;
			buildConfigurationList = 8189BAFD2C0EF62E002C9112 /* Build configuration list for PBXNativeTarget "MovieApp" */;
			buildPhases = (
				8189BAE52C0EF62D002C9112 /* Sources */,
				8189BAE62C0EF62D002C9112 /* Frameworks */,
				8189BAE72C0EF62D002C9112 /* Resources */,
			);
			buildRules = (
			);
			dependencies = (
			);
			name = MovieApp;
			packageProductDependencies = (
				8189BB012C0EF65F002C9112 /* SnapKit */,
				8189BB042C0EF912002C9112 /* Kingfisher */,
				8193D5412C16D35800F3B573 /* Alamofire */,
			);
			productName = MovieApp;
			productReference = 8189BAE92C0EF62D002C9112 /* MovieApp.app */;
			productType = "com.apple.product-type.application";
		};
/* End PBXNativeTarget section */

/* Begin PBXProject section */
		8189BAE12C0EF62D002C9112 /* Project object */ = {
			isa = PBXProject;
			attributes = {
				BuildIndependentTargetsInParallel = 1;
				LastSwiftUpdateCheck = 1530;
				LastUpgradeCheck = 1530;
				TargetAttributes = {
					8189BAE82C0EF62D002C9112 = {
						CreatedOnToolsVersion = 15.3;
					};
				};
			};
			buildConfigurationList = 8189BAE42C0EF62D002C9112 /* Build configuration list for PBXProject "MovieApp" */;
			compatibilityVersion = "Xcode 14.0";
			developmentRegion = en;
			hasScannedForEncodings = 0;
			knownRegions = (
				en,
				Base,
			);
			mainGroup = 8189BAE02C0EF62D002C9112;
			packageReferences = (
				8189BB002C0EF65F002C9112 /* XCRemoteSwiftPackageReference "SnapKit" */,
				8189BB032C0EF912002C9112 /* XCRemoteSwiftPackageReference "Kingfisher" */,
				8193D5402C16D35700F3B573 /* XCRemoteSwiftPackageReference "Alamofire" */,
			);
			productRefGroup = 8189BAEA2C0EF62D002C9112 /* Products */;
			projectDirPath = "";
			projectRoot = "";
			targets = (
				8189BAE82C0EF62D002C9112 /* MovieApp */,
			);
		};
/* End PBXProject section */

/* Begin PBXResourcesBuildPhase section */
		8189BAE72C0EF62D002C9112 /* Resources */ = {
			isa = PBXResourcesBuildPhase;
			buildActionMask = 2147483647;
			files = (
				8193D53E2C16CFC100F3B573 /* .gitignore in Resources */,
				8189BAF62C0EF62E002C9112 /* Assets.xcassets in Resources */,
				8189BAF92C0EF62E002C9112 /* Base in Resources */,
			);
			runOnlyForDeploymentPostprocessing = 0;
		};
/* End PBXResourcesBuildPhase section */

/* Begin PBXSourcesBuildPhase section */
		8189BAE52C0EF62D002C9112 /* Sources */ = {
			isa = PBXSourcesBuildPhase;
			buildActionMask = 2147483647;
			files = (
				8193D5472C16D61900F3B573 /* MainListViewController.swift in Sources */,
				812B8CEB2C298D42008A6AD2 /* MainListView.swift in Sources */,
				81F6D97C2C2E9C260008041B /* MovieSearchItem.swift in Sources */,
				81F6D9692C2D617A0008041B /* MovieDetailCastingItem.swift in Sources */,
				8193D5542C16DA8C00F3B573 /* Extension+SetID.swift in Sources */,
				8193D5582C16DBD800F3B573 /* Genre.swift in Sources */,
				812B8CE92C298859008A6AD2 /* BaseLabelWithButton.swift in Sources */,
				812B8CE42C29848A008A6AD2 /* UserViewController.swift in Sources */,
				81F6D9632C2D25410008041B /* MovieDetailOverview.swift in Sources */,
				818E433D2C2A7D1C00DED474 /* BaseCollectionItem.swift in Sources */,
				81F6D9672C2D591D0008041B /* MovieDetailCast.swift in Sources */,
				81F6D95F2C2D0B270008041B /* Extension+Buttons.swift in Sources */,
				818E43482C2AA84900DED474 /* BaseLabel.swift in Sources */,
				8189BAED2C0EF62D002C9112 /* AppDelegate.swift in Sources */,
				81F6D9742C2E7BD60008041B /* MovieSearchHeader.swift in Sources */,
				81F6D9562C2C0A7C0008041B /* MovieDetailHeader.swift in Sources */,
				81F6D9542C2C08B00008041B /* MovieDetailView.swift in Sources */,
				81F6D96F2C2E77FB0008041B /* MovieSearchViewController.swift in Sources */,
				81BDD6AD2C2BD91C007F9D32 /* ENV.swift in Sources */,
				81F6D96D2C2E43BE0008041B /* MovieDetailRecommendation.swift in Sources */,
				818E433B2C2A796800DED474 /* NormalTableCell.swift in Sources */,
				81D25A022C183EF0009462EA /* Constants.swift in Sources */,
				812B8CDE2C29539F008A6AD2 /* BaseViewController.swift in Sources */,
				812B8CE22C297EF7008A6AD2 /* MainTabBarConroller.swift in Sources */,
				818E43392C2A78E800DED474 /* BaseTableCell.swift in Sources */,
				8193D5562C16DBCE00F3B573 /* Movie.swift in Sources */,
				8189BAEF2C0EF62D002C9112 /* SceneDelegate.swift in Sources */,
				81F6D9582C2C34CA0008041B /* GenreService.swift in Sources */,
				8193D55A2C16E73D00F3B573 /* Extension+UI.swift in Sources */,
				81F6D9612C2D147C0008041B /* BaseItemView.swift in Sources */,
				81BDD6AB2C2BD0A1007F9D32 /* APIService.swift in Sources */,
				81F6D95A2C2C35CA0008041B /* MovieDetailRating.swift in Sources */,
				81F6D9722C2E7B4E0008041B /* MoveSearchView.swift in Sources */,
				812B8CDC2C295382008A6AD2 /* MovieDetailViewController.swift in Sources */,
				81F6D9782C2E927C0008041B /* ValidateService.swift in Sources */,
				812B8CE72C29879A008A6AD2 /* BaseView.swift in Sources */,
				81F6D95C2C2C3EE00008041B /* UserDefaultService.swift in Sources */,
				81F6D9762C2E8EA00008041B /* BaseTextField.swift in Sources */,
				818E433F2C2A7DE900DED474 /* NormalCollectionItem.swift in Sources */,
			);
			runOnlyForDeploymentPostprocessing = 0;
		};
/* End PBXSourcesBuildPhase section */

/* Begin PBXVariantGroup section */
		8189BAF72C0EF62E002C9112 /* LaunchScreen.storyboard */ = {
			isa = PBXVariantGroup;
			children = (
				8189BAF82C0EF62E002C9112 /* Base */,
			);
			name = LaunchScreen.storyboard;
			sourceTree = "<group>";
		};
/* End PBXVariantGroup section */

/* Begin XCBuildConfiguration section */
		8189BAFB2C0EF62E002C9112 /* Debug */ = {
			isa = XCBuildConfiguration;
			buildSettings = {
				ALWAYS_SEARCH_USER_PATHS = NO;
				ASSETCATALOG_COMPILER_GENERATE_SWIFT_ASSET_SYMBOL_EXTENSIONS = YES;
				CLANG_ANALYZER_NONNULL = YES;
				CLANG_ANALYZER_NUMBER_OBJECT_CONVERSION = YES_AGGRESSIVE;
				CLANG_CXX_LANGUAGE_STANDARD = "gnu++20";
				CLANG_ENABLE_MODULES = YES;
				CLANG_ENABLE_OBJC_ARC = YES;
				CLANG_ENABLE_OBJC_WEAK = YES;
				CLANG_WARN_BLOCK_CAPTURE_AUTORELEASING = YES;
				CLANG_WARN_BOOL_CONVERSION = YES;
				CLANG_WARN_COMMA = YES;
				CLANG_WARN_CONSTANT_CONVERSION = YES;
				CLANG_WARN_DEPRECATED_OBJC_IMPLEMENTATIONS = YES;
				CLANG_WARN_DIRECT_OBJC_ISA_USAGE = YES_ERROR;
				CLANG_WARN_DOCUMENTATION_COMMENTS = YES;
				CLANG_WARN_EMPTY_BODY = YES;
				CLANG_WARN_ENUM_CONVERSION = YES;
				CLANG_WARN_INFINITE_RECURSION = YES;
				CLANG_WARN_INT_CONVERSION = YES;
				CLANG_WARN_NON_LITERAL_NULL_CONVERSION = YES;
				CLANG_WARN_OBJC_IMPLICIT_RETAIN_SELF = YES;
				CLANG_WARN_OBJC_LITERAL_CONVERSION = YES;
				CLANG_WARN_OBJC_ROOT_CLASS = YES_ERROR;
				CLANG_WARN_QUOTED_INCLUDE_IN_FRAMEWORK_HEADER = YES;
				CLANG_WARN_RANGE_LOOP_ANALYSIS = YES;
				CLANG_WARN_STRICT_PROTOTYPES = YES;
				CLANG_WARN_SUSPICIOUS_MOVE = YES;
				CLANG_WARN_UNGUARDED_AVAILABILITY = YES_AGGRESSIVE;
				CLANG_WARN_UNREACHABLE_CODE = YES;
				CLANG_WARN__DUPLICATE_METHOD_MATCH = YES;
				COPY_PHASE_STRIP = NO;
				DEBUG_INFORMATION_FORMAT = dwarf;
				ENABLE_STRICT_OBJC_MSGSEND = YES;
				ENABLE_TESTABILITY = YES;
				ENABLE_USER_SCRIPT_SANDBOXING = YES;
				GCC_C_LANGUAGE_STANDARD = gnu17;
				GCC_DYNAMIC_NO_PIC = NO;
				GCC_NO_COMMON_BLOCKS = YES;
				GCC_OPTIMIZATION_LEVEL = 0;
				GCC_PREPROCESSOR_DEFINITIONS = (
					"DEBUG=1",
					"$(inherited)",
				);
				GCC_WARN_64_TO_32_BIT_CONVERSION = YES;
				GCC_WARN_ABOUT_RETURN_TYPE = YES_ERROR;
				GCC_WARN_UNDECLARED_SELECTOR = YES;
				GCC_WARN_UNINITIALIZED_AUTOS = YES_AGGRESSIVE;
				GCC_WARN_UNUSED_FUNCTION = YES;
				GCC_WARN_UNUSED_VARIABLE = YES;
				IPHONEOS_DEPLOYMENT_TARGET = 16.0;
				LOCALIZATION_PREFERS_STRING_CATALOGS = YES;
				MTL_ENABLE_DEBUG_INFO = INCLUDE_SOURCE;
				MTL_FAST_MATH = YES;
				ONLY_ACTIVE_ARCH = YES;
				SDKROOT = iphoneos;
				SWIFT_ACTIVE_COMPILATION_CONDITIONS = "DEBUG $(inherited)";
				SWIFT_OPTIMIZATION_LEVEL = "-Onone";
			};
			name = Debug;
		};
		8189BAFC2C0EF62E002C9112 /* Release */ = {
			isa = XCBuildConfiguration;
			buildSettings = {
				ALWAYS_SEARCH_USER_PATHS = NO;
				ASSETCATALOG_COMPILER_GENERATE_SWIFT_ASSET_SYMBOL_EXTENSIONS = YES;
				CLANG_ANALYZER_NONNULL = YES;
				CLANG_ANALYZER_NUMBER_OBJECT_CONVERSION = YES_AGGRESSIVE;
				CLANG_CXX_LANGUAGE_STANDARD = "gnu++20";
				CLANG_ENABLE_MODULES = YES;
				CLANG_ENABLE_OBJC_ARC = YES;
				CLANG_ENABLE_OBJC_WEAK = YES;
				CLANG_WARN_BLOCK_CAPTURE_AUTORELEASING = YES;
				CLANG_WARN_BOOL_CONVERSION = YES;
				CLANG_WARN_COMMA = YES;
				CLANG_WARN_CONSTANT_CONVERSION = YES;
				CLANG_WARN_DEPRECATED_OBJC_IMPLEMENTATIONS = YES;
				CLANG_WARN_DIRECT_OBJC_ISA_USAGE = YES_ERROR;
				CLANG_WARN_DOCUMENTATION_COMMENTS = YES;
				CLANG_WARN_EMPTY_BODY = YES;
				CLANG_WARN_ENUM_CONVERSION = YES;
				CLANG_WARN_INFINITE_RECURSION = YES;
				CLANG_WARN_INT_CONVERSION = YES;
				CLANG_WARN_NON_LITERAL_NULL_CONVERSION = YES;
				CLANG_WARN_OBJC_IMPLICIT_RETAIN_SELF = YES;
				CLANG_WARN_OBJC_LITERAL_CONVERSION = YES;
				CLANG_WARN_OBJC_ROOT_CLASS = YES_ERROR;
				CLANG_WARN_QUOTED_INCLUDE_IN_FRAMEWORK_HEADER = YES;
				CLANG_WARN_RANGE_LOOP_ANALYSIS = YES;
				CLANG_WARN_STRICT_PROTOTYPES = YES;
				CLANG_WARN_SUSPICIOUS_MOVE = YES;
				CLANG_WARN_UNGUARDED_AVAILABILITY = YES_AGGRESSIVE;
				CLANG_WARN_UNREACHABLE_CODE = YES;
				CLANG_WARN__DUPLICATE_METHOD_MATCH = YES;
				COPY_PHASE_STRIP = NO;
				DEBUG_INFORMATION_FORMAT = "dwarf-with-dsym";
				ENABLE_NS_ASSERTIONS = NO;
				ENABLE_STRICT_OBJC_MSGSEND = YES;
				ENABLE_USER_SCRIPT_SANDBOXING = YES;
				GCC_C_LANGUAGE_STANDARD = gnu17;
				GCC_NO_COMMON_BLOCKS = YES;
				GCC_WARN_64_TO_32_BIT_CONVERSION = YES;
				GCC_WARN_ABOUT_RETURN_TYPE = YES_ERROR;
				GCC_WARN_UNDECLARED_SELECTOR = YES;
				GCC_WARN_UNINITIALIZED_AUTOS = YES_AGGRESSIVE;
				GCC_WARN_UNUSED_FUNCTION = YES;
				GCC_WARN_UNUSED_VARIABLE = YES;
				IPHONEOS_DEPLOYMENT_TARGET = 16.0;
				LOCALIZATION_PREFERS_STRING_CATALOGS = YES;
				MTL_ENABLE_DEBUG_INFO = NO;
				MTL_FAST_MATH = YES;
				SDKROOT = iphoneos;
				SWIFT_COMPILATION_MODE = wholemodule;
				VALIDATE_PRODUCT = YES;
			};
			name = Release;
		};
		8189BAFE2C0EF62E002C9112 /* Debug */ = {
			isa = XCBuildConfiguration;
			buildSettings = {
				ASSETCATALOG_COMPILER_APPICON_NAME = AppIcon;
				ASSETCATALOG_COMPILER_GLOBAL_ACCENT_COLOR_NAME = AccentColor;
				CODE_SIGN_STYLE = Automatic;
				CURRENT_PROJECT_VERSION = 1;
				DEVELOPMENT_TEAM = YM49LMS87D;
				GENERATE_INFOPLIST_FILE = YES;
				INFOPLIST_FILE = MovieApp/Info.plist;
				INFOPLIST_KEY_LSApplicationCategoryType = "public.app-category.video";
				INFOPLIST_KEY_UIApplicationSupportsIndirectInputEvents = YES;
				INFOPLIST_KEY_UILaunchStoryboardName = LaunchScreen;
				INFOPLIST_KEY_UISupportedInterfaceOrientations = UIInterfaceOrientationPortrait;
				INFOPLIST_KEY_UISupportedInterfaceOrientations_iPad = "UIInterfaceOrientationLandscapeLeft UIInterfaceOrientationLandscapeRight UIInterfaceOrientationPortrait UIInterfaceOrientationPortraitUpsideDown";
				IPHONEOS_DEPLOYMENT_TARGET = 16.0;
				LD_RUNPATH_SEARCH_PATHS = (
					"$(inherited)",
					"@executable_path/Frameworks",
				);
				MARKETING_VERSION = 0.0.1;
				PRODUCT_BUNDLE_IDENTIFIER = com.hk.MovieApp;
				PRODUCT_NAME = "$(TARGET_NAME)";
				SUPPORTED_PLATFORMS = "iphoneos iphonesimulator";
				SUPPORTS_MACCATALYST = NO;
				SUPPORTS_MAC_DESIGNED_FOR_IPHONE_IPAD = NO;
				SUPPORTS_XR_DESIGNED_FOR_IPHONE_IPAD = NO;
				SWIFT_EMIT_LOC_STRINGS = YES;
				SWIFT_VERSION = 5.0;
				TARGETED_DEVICE_FAMILY = 1;
			};
			name = Debug;
		};
		8189BAFF2C0EF62E002C9112 /* Release */ = {
			isa = XCBuildConfiguration;
			buildSettings = {
				ASSETCATALOG_COMPILER_APPICON_NAME = AppIcon;
				ASSETCATALOG_COMPILER_GLOBAL_ACCENT_COLOR_NAME = AccentColor;
				CODE_SIGN_STYLE = Automatic;
				CURRENT_PROJECT_VERSION = 1;
				DEVELOPMENT_TEAM = YM49LMS87D;
				GENERATE_INFOPLIST_FILE = YES;
				INFOPLIST_FILE = MovieApp/Info.plist;
				INFOPLIST_KEY_LSApplicationCategoryType = "public.app-category.video";
				INFOPLIST_KEY_UIApplicationSupportsIndirectInputEvents = YES;
				INFOPLIST_KEY_UILaunchStoryboardName = LaunchScreen;
				INFOPLIST_KEY_UISupportedInterfaceOrientations = UIInterfaceOrientationPortrait;
				INFOPLIST_KEY_UISupportedInterfaceOrientations_iPad = "UIInterfaceOrientationLandscapeLeft UIInterfaceOrientationLandscapeRight UIInterfaceOrientationPortrait UIInterfaceOrientationPortraitUpsideDown";
				IPHONEOS_DEPLOYMENT_TARGET = 16.0;
				LD_RUNPATH_SEARCH_PATHS = (
					"$(inherited)",
					"@executable_path/Frameworks",
				);
				MARKETING_VERSION = 0.0.1;
				PRODUCT_BUNDLE_IDENTIFIER = com.hk.MovieApp;
				PRODUCT_NAME = "$(TARGET_NAME)";
				SUPPORTED_PLATFORMS = "iphoneos iphonesimulator";
				SUPPORTS_MACCATALYST = NO;
				SUPPORTS_MAC_DESIGNED_FOR_IPHONE_IPAD = NO;
				SUPPORTS_XR_DESIGNED_FOR_IPHONE_IPAD = NO;
				SWIFT_EMIT_LOC_STRINGS = YES;
				SWIFT_VERSION = 5.0;
				TARGETED_DEVICE_FAMILY = 1;
			};
			name = Release;
		};
/* End XCBuildConfiguration section */

/* Begin XCConfigurationList section */
		8189BAE42C0EF62D002C9112 /* Build configuration list for PBXProject "MovieApp" */ = {
			isa = XCConfigurationList;
			buildConfigurations = (
				8189BAFB2C0EF62E002C9112 /* Debug */,
				8189BAFC2C0EF62E002C9112 /* Release */,
			);
			defaultConfigurationIsVisible = 0;
			defaultConfigurationName = Release;
		};
		8189BAFD2C0EF62E002C9112 /* Build configuration list for PBXNativeTarget "MovieApp" */ = {
			isa = XCConfigurationList;
			buildConfigurations = (
				8189BAFE2C0EF62E002C9112 /* Debug */,
				8189BAFF2C0EF62E002C9112 /* Release */,
			);
			defaultConfigurationIsVisible = 0;
			defaultConfigurationName = Release;
		};
/* End XCConfigurationList section */

/* Begin XCRemoteSwiftPackageReference section */
		8189BB002C0EF65F002C9112 /* XCRemoteSwiftPackageReference "SnapKit" */ = {
			isa = XCRemoteSwiftPackageReference;
			repositoryURL = "https://github.com/SnapKit/SnapKit.git";
			requirement = {
				kind = upToNextMajorVersion;
				minimumVersion = 5.7.1;
			};
		};
		8189BB032C0EF912002C9112 /* XCRemoteSwiftPackageReference "Kingfisher" */ = {
			isa = XCRemoteSwiftPackageReference;
			repositoryURL = "https://github.com/onevcat/Kingfisher.git";
			requirement = {
				kind = upToNextMajorVersion;
				minimumVersion = 7.11.0;
			};
		};
		8193D5402C16D35700F3B573 /* XCRemoteSwiftPackageReference "Alamofire" */ = {
			isa = XCRemoteSwiftPackageReference;
			repositoryURL = "https://github.com/Alamofire/Alamofire.git";
			requirement = {
				kind = upToNextMajorVersion;
				minimumVersion = 5.9.1;
			};
		};
/* End XCRemoteSwiftPackageReference section */

/* Begin XCSwiftPackageProductDependency section */
		8189BB012C0EF65F002C9112 /* SnapKit */ = {
			isa = XCSwiftPackageProductDependency;
			package = 8189BB002C0EF65F002C9112 /* XCRemoteSwiftPackageReference "SnapKit" */;
			productName = SnapKit;
		};
		8189BB042C0EF912002C9112 /* Kingfisher */ = {
			isa = XCSwiftPackageProductDependency;
			package = 8189BB032C0EF912002C9112 /* XCRemoteSwiftPackageReference "Kingfisher" */;
			productName = Kingfisher;
		};
		8193D5412C16D35800F3B573 /* Alamofire */ = {
			isa = XCSwiftPackageProductDependency;
			package = 8193D5402C16D35700F3B573 /* XCRemoteSwiftPackageReference "Alamofire" */;
			productName = Alamofire;
		};
/* End XCSwiftPackageProductDependency section */
	};
	rootObject = 8189BAE12C0EF62D002C9112 /* Project object */;
}
